
Microsoft Visual Studio Solution File, Format Version 12.00
# Visual Studio Version 16
VisualStudioVersion = 16.0.30717.126
MinimumVisualStudioVersion = 10.0.40219.1
Project("{FAE04EC0-301F-11D3-BF4B-00C04F79EFBC}") = "http-console-approch", "http-console-approch\http-console-approch.csproj", "{62D4B6F1-E595-45AB-8AF3-47FAD459D118}"
EndProject
Global
	GlobalSection(SolutionConfigurationPlatforms) = preSolution
		Debug|Any CPU = Debug|Any CPU
		Release|Any CPU = Release|Any CPU
	EndGlobalSection
	GlobalSection(ProjectConfigurationPlatforms) = postSolution
		{62D4B6F1-E595-45AB-8AF3-47FAD459D118}.Debug|Any CPU.ActiveCfg = Debug|Any CPU
		{62D4B6F1-E595-45AB-8AF3-47FAD459D118}.Debug|Any CPU.Build.0 = Debug|Any CPU
		{62D4B6F1-E595-45AB-8AF3-47FAD459D118}.Release|Any CPU.ActiveCfg = Release|Any CPU
		{62D4B6F1-E595-45AB-8AF3-47FAD459D118}.Release|Any CPU.Build.0 = Release|Any CPU
	EndGlobalSection
	GlobalSection(SolutionProperties) = preSolution
		HideSolutionNode = FALSE
	EndGlobalSection
	GlobalSection(ExtensibilityGlobals) = postSolution
		SolutionGuid = {5E626061-B54C-4DEB-AC17-8D436EA02FC9}
	EndGlobalSection
EndGlobal
